
Microsoft Visual Studio Solution File, Format Version 12.00
# Visual Studio Version 17
VisualStudioVersion = 17.10.35201.131
MinimumVisualStudioVersion = 10.0.40219.1
Project("{9A19103F-16F7-4668-BE54-9A1E7A4F7556}") = "Parking", "Parking\Parking.csproj", "{A8A35ACF-F7E6-4253-AAC0-5F55065AC002}"
EndProject
Project("{9A19103F-16F7-4668-BE54-9A1E7A4F7556}") = "Notification", "Notification\Notification.csproj", "{B42053FF-6238-4B0A-A817-D9D75028221F}"
EndProject
Project("{2150E333-8FDC-42A3-9474-1A3956D46DE8}") = "Solution Items", "Solution Items", "{B6C01CAA-6B31-4AF3-84EF-6FF9DD07A5C3}"
	ProjectSection(SolutionItems) = preProject
		compose.yaml = compose.yaml
		dashboarduser.yaml = dashboarduser.yaml
		deployment.yaml = deployment.yaml
	EndProjectSection
EndProject
Project("{9A19103F-16F7-4668-BE54-9A1E7A4F7556}") = "EventStore", "EventStore\EventStore.csproj", "{611593CA-80A9-4437-B752-C4C497F28F51}"
EndProject
Project("{E53339B2-1760-4266-BCC7-CA923CBCF16C}") = "docker-compose", "docker-compose.dcproj", "{4A956945-7A9E-4F60-9FB7-29B9B59A88CE}"
EndProject
Project("{9A19103F-16F7-4668-BE54-9A1E7A4F7556}") = "Pizzaria", "Pizzaria\Pizzaria.csproj", "{72099ACC-2178-4646-B9CB-608AC0AD59B2}"
EndProject
Global
	GlobalSection(SolutionConfigurationPlatforms) = preSolution
		Debug|Any CPU = Debug|Any CPU
		Release|Any CPU = Release|Any CPU
	EndGlobalSection
	GlobalSection(ProjectConfigurationPlatforms) = postSolution
		{A8A35ACF-F7E6-4253-AAC0-5F55065AC002}.Debug|Any CPU.ActiveCfg = Debug|Any CPU
		{A8A35ACF-F7E6-4253-AAC0-5F55065AC002}.Debug|Any CPU.Build.0 = Debug|Any CPU
		{A8A35ACF-F7E6-4253-AAC0-5F55065AC002}.Release|Any CPU.ActiveCfg = Release|Any CPU
		{A8A35ACF-F7E6-4253-AAC0-5F55065AC002}.Release|Any CPU.Build.0 = Release|Any CPU
		{B42053FF-6238-4B0A-A817-D9D75028221F}.Debug|Any CPU.ActiveCfg = Debug|Any CPU
		{B42053FF-6238-4B0A-A817-D9D75028221F}.Debug|Any CPU.Build.0 = Debug|Any CPU
		{B42053FF-6238-4B0A-A817-D9D75028221F}.Release|Any CPU.ActiveCfg = Release|Any CPU
		{B42053FF-6238-4B0A-A817-D9D75028221F}.Release|Any CPU.Build.0 = Release|Any CPU
		{611593CA-80A9-4437-B752-C4C497F28F51}.Debug|Any CPU.ActiveCfg = Debug|Any CPU
		{611593CA-80A9-4437-B752-C4C497F28F51}.Debug|Any CPU.Build.0 = Debug|Any CPU
		{611593CA-80A9-4437-B752-C4C497F28F51}.Release|Any CPU.ActiveCfg = Release|Any CPU
		{611593CA-80A9-4437-B752-C4C497F28F51}.Release|Any CPU.Build.0 = Release|Any CPU
		{4A956945-7A9E-4F60-9FB7-29B9B59A88CE}.Debug|Any CPU.ActiveCfg = Debug|Any CPU
		{4A956945-7A9E-4F60-9FB7-29B9B59A88CE}.Debug|Any CPU.Build.0 = Debug|Any CPU
		{4A956945-7A9E-4F60-9FB7-29B9B59A88CE}.Release|Any CPU.ActiveCfg = Release|Any CPU
		{4A956945-7A9E-4F60-9FB7-29B9B59A88CE}.Release|Any CPU.Build.0 = Release|Any CPU
		{72099ACC-2178-4646-B9CB-608AC0AD59B2}.Debug|Any CPU.ActiveCfg = Debug|Any CPU
		{72099ACC-2178-4646-B9CB-608AC0AD59B2}.Debug|Any CPU.Build.0 = Debug|Any CPU
		{72099ACC-2178-4646-B9CB-608AC0AD59B2}.Release|Any CPU.ActiveCfg = Release|Any CPU
		{72099ACC-2178-4646-B9CB-608AC0AD59B2}.Release|Any CPU.Build.0 = Release|Any CPU
	EndGlobalSection
	GlobalSection(SolutionProperties) = preSolution
		HideSolutionNode = FALSE
	EndGlobalSection
	GlobalSection(ExtensibilityGlobals) = postSolution
		SolutionGuid = {39BC9D8E-84D7-4A17-89FA-D76E81D15840}
	EndGlobalSection
EndGlobal
